// !$*UTF8*$!
{
	archiveVersion = 1;
	classes = {
	};
	objectVersion = 50;
	objects = {

/* Begin PBXBuildFile section */
		E03281F32430F9C500B2BDDA /* AppDelegate.swift in Sources */ = {isa = PBXBuildFile; fileRef = E03281F22430F9C500B2BDDA /* AppDelegate.swift */; };
		E03281F52430F9C500B2BDDA /* SceneDelegate.swift in Sources */ = {isa = PBXBuildFile; fileRef = E03281F42430F9C500B2BDDA /* SceneDelegate.swift */; };
		E03281F72430F9C500B2BDDA /* ViewController.swift in Sources */ = {isa = PBXBuildFile; fileRef = E03281F62430F9C500B2BDDA /* ViewController.swift */; };
		E03281FA2430F9C500B2BDDA /* Main.storyboard in Resources */ = {isa = PBXBuildFile; fileRef = E03281F82430F9C500B2BDDA /* Main.storyboard */; };
		E03281FC2430F9C700B2BDDA /* Assets.xcassets in Resources */ = {isa = PBXBuildFile; fileRef = E03281FB2430F9C700B2BDDA /* Assets.xcassets */; };
		E03281FF2430F9C700B2BDDA /* LaunchScreen.storyboard in Resources */ = {isa = PBXBuildFile; fileRef = E03281FD2430F9C700B2BDDA /* LaunchScreen.storyboard */; };
		E032820B2431121900B2BDDA /* Helper.swift in Sources */ = {isa = PBXBuildFile; fileRef = E032820A2431121900B2BDDA /* Helper.swift */; };
/* End PBXBuildFile section */

/* Begin PBXFileReference section */
		E03281EF2430F9C500B2BDDA /* TipCalculator.app */ = {isa = PBXFileReference; explicitFileType = wrapper.application; includeInIndex = 0; path = TipCalculator.app; sourceTree = BUILT_PRODUCTS_DIR; };
		E03281F22430F9C500B2BDDA /* AppDelegate.swift */ = {isa = PBXFileReference; lastKnownFileType = sourcecode.swift; path = AppDelegate.swift; sourceTree = "<group>"; };
		E03281F42430F9C500B2BDDA /* SceneDelegate.swift */ = {isa = PBXFileReference; lastKnownFileType = sourcecode.swift; path = SceneDelegate.swift; sourceTree = "<group>"; };
		E03281F62430F9C500B2BDDA /* ViewController.swift */ = {isa = PBXFileReference; lastKnownFileType = sourcecode.swift; path = ViewController.swift; sourceTree = "<group>"; };
		E03281F92430F9C500B2BDDA /* Base */ = {isa = PBXFileReference; lastKnownFileType = file.storyboard; name = Base; path = Base.lproj/Main.storyboard; sourceTree = "<group>"; };
		E03281FB2430F9C700B2BDDA /* Assets.xcassets */ = {isa = PBXFileReference; lastKnownFileType = folder.assetcatalog; path = Assets.xcassets; sourceTree = "<group>"; };
		E03281FE2430F9C700B2BDDA /* Base */ = {isa = PBXFileReference; lastKnownFileType = file.storyboard; name = Base; path = Base.lproj/LaunchScreen.storyboard; sourceTree = "<group>"; };
		E03282002430F9C700B2BDDA /* Info.plist */ = {isa = PBXFileReference; lastKnownFileType = text.plist.xml; path = Info.plist; sourceTree = "<group>"; };
		E032820A2431121900B2BDDA /* Helper.swift */ = {isa = PBXFileReference; lastKnownFileType = sourcecode.swift; path = Helper.swift; sourceTree = "<group>"; };
/* End PBXFileReference section */

/* Begin PBXFrameworksBuildPhase section */
		E03281EC2430F9C500B2BDDA /* Frameworks */ = {
			isa = PBXFrameworksBuildPhase;
			buildActionMask = 2147483647;
			files = (
			);
			runOnlyForDeploymentPostprocessing = 0;
		};
/* End PBXFrameworksBuildPhase section */

/* Begin PBXGroup section */
		E03281E62430F9C500B2BDDA = {
			isa = PBXGroup;
			children = (
				E03281F12430F9C500B2BDDA /* TipCalculator */,
				E03281F02430F9C500B2BDDA /* Products */,
			);
			sourceTree = "<group>";
		};
		E03281F02430F9C500B2BDDA /* Products */ = {
			isa = PBXGroup;
			children = (
				E03281EF2430F9C500B2BDDA /* TipCalculator.app */,
			);
			name = Products;
			sourceTree = "<group>";
		};
		E03281F12430F9C500B2BDDA /* TipCalculator */ = {
			isa = PBXGroup;
			children = (
				E0328209243111FF00B2BDDA /* Helpers */,
				E03281FB2430F9C700B2BDDA /* Assets.xcassets */,
				E03282002430F9C700B2BDDA /* Info.plist */,
				E0328208243111E600B2BDDA /* Storyboard */,
				E0328207243111D800B2BDDA /* Support */,
				E0328206243111C800B2BDDA /* ViewControllers */,
			);
			path = TipCalculator;
			sourceTree = "<group>";
		};
		E0328206243111C800B2BDDA /* ViewControllers */ = {
			isa = PBXGroup;
			children = (
				E03281F62430F9C500B2BDDA /* ViewController.swift */,
			);
			path = ViewControllers;
			sourceTree = "<group>";
		};
		E0328207243111D800B2BDDA /* Support */ = {
			isa = PBXGroup;
			children = (
				E03281F22430F9C500B2BDDA /* AppDelegate.swift */,
				E03281F42430F9C500B2BDDA /* SceneDelegate.swift */,
			);
			path = Support;
			sourceTree = "<group>";
		};
		E0328208243111E600B2BDDA /* Storyboard */ = {
			isa = PBXGroup;
			children = (
				E03281F82430F9C500B2BDDA /* Main.storyboard */,
				E03281FD2430F9C700B2BDDA /* LaunchScreen.storyboard */,
			);
			path = Storyboard;
			sourceTree = "<group>";
		};
		E0328209243111FF00B2BDDA /* Helpers */ = {
			isa = PBXGroup;
			children = (
				E032820A2431121900B2BDDA /* Helper.swift */,
			);
			path = Helpers;
			sourceTree = "<group>";
		};
/* End PBXGroup section */

/* Begin PBXNativeTarget section */
		E03281EE2430F9C500B2BDDA /* TipCalculator */ = {
			isa = PBXNativeTarget;
			buildConfigurationList = E03282032430F9C700B2BDDA /* Build configuration list for PBXNativeTarget "TipCalculator" */;
			buildPhases = (
				E03281EB2430F9C500B2BDDA /* Sources */,
				E03281EC2430F9C500B2BDDA /* Frameworks */,
				E03281ED2430F9C500B2BDDA /* Resources */,
			);
			buildRules = (
			);
			dependencies = (
			);
			name = TipCalculator;
			productName = TipCalculator;
			productReference = E03281EF2430F9C500B2BDDA /* TipCalculator.app */;
			productType = "com.apple.product-type.application";
		};
/* End PBXNativeTarget section */

/* Begin PBXProject section */
		E03281E72430F9C500B2BDDA /* Project object */ = {
			isa = PBXProject;
			attributes = {
				LastSwiftUpdateCheck = 1130;
				LastUpgradeCheck = 1130;
				ORGANIZATIONNAME = "Asif Mujtaba";
				TargetAttributes = {
					E03281EE2430F9C500B2BDDA = {
						CreatedOnToolsVersion = 11.3;
					};
				};
			};
			buildConfigurationList = E03281EA2430F9C500B2BDDA /* Build configuration list for PBXProject "TipCalculator" */;
			compatibilityVersion = "Xcode 9.3";
			developmentRegion = en;
			hasScannedForEncodings = 0;
			knownRegions = (
				en,
				Base,
			);
			mainGroup = E03281E62430F9C500B2BDDA;
			productRefGroup = E03281F02430F9C500B2BDDA /* Products */;
			projectDirPath = "";
			projectRoot = "";
			targets = (
				E03281EE2430F9C500B2BDDA /* TipCalculator */,
			);
		};
/* End PBXProject section */

/* Begin PBXResourcesBuildPhase section */
		E03281ED2430F9C500B2BDDA /* Resources */ = {
			isa = PBXResourcesBuildPhase;
			buildActionMask = 2147483647;
			files = (
				E03281FF2430F9C700B2BDDA /* LaunchScreen.storyboard in Resources */,
				E03281FC2430F9C700B2BDDA /* Assets.xcassets in Resources */,
				E03281FA2430F9C500B2BDDA /* Main.storyboard in Resources */,
			);
			runOnlyForDeploymentPostprocessing = 0;
		};
/* End PBXResourcesBuildPhase section */

/* Begin PBXSourcesBuildPhase section */
		E03281EB2430F9C500B2BDDA /* Sources */ = {
			isa = PBXSourcesBuildPhase;
			buildActionMask = 2147483647;
			files = (
				E03281F72430F9C500B2BDDA /* ViewController.swift in Sources */,
				E03281F32430F9C500B2BDDA /* AppDelegate.swift in Sources */,
				E03281F52430F9C500B2BDDA /* SceneDelegate.swift in Sources */,
				E032820B2431121900B2BDDA /* Helper.swift in Sources */,
			);
			runOnlyForDeploymentPostprocessing = 0;
		};
/* End PBXSourcesBuildPhase section */

/* Begin PBXVariantGroup section */
		E03281F82430F9C500B2BDDA /* Main.storyboard */ = {
			isa = PBXVariantGroup;
			children = (
				E03281F92430F9C500B2BDDA /* Base */,
			);
			name = Main.storyboard;
			sourceTree = "<group>";
		};
		E03281FD2430F9C700B2BDDA /* LaunchScreen.storyboard */ = {
			isa = PBXVariantGroup;
			children = (
				E03281FE2430F9C700B2BDDA /* Base */,
			);
			name = LaunchScreen.storyboard;
			sourceTree = "<group>";
		};
/* End PBXVariantGroup section */

/* Begin XCBuildConfiguration section */
		E03282012430F9C700B2BDDA /* Debug */ = {
			isa = XCBuildConfiguration;
			buildSettings = {
				ALWAYS_SEARCH_USER_PATHS = NO;
				CLANG_ANALYZER_NONNULL = YES;
				CLANG_ANALYZER_NUMBER_OBJECT_CONVERSION = YES_AGGRESSIVE;
				CLANG_CXX_LANGUAGE_STANDARD = "gnu++14";
				CLANG_CXX_LIBRARY = "libc++";
				CLANG_ENABLE_MODULES = YES;
				CLANG_ENABLE_OBJC_ARC = YES;
				CLANG_ENABLE_OBJC_WEAK = YES;
				CLANG_WARN_BLOCK_CAPTURE_AUTORELEASING = YES;
				CLANG_WARN_BOOL_CONVERSION = YES;
				CLANG_WARN_COMMA = YES;
				CLANG_WARN_CONSTANT_CONVERSION = YES;
				CLANG_WARN_DEPRECATED_OBJC_IMPLEMENTATIONS = YES;
				CLANG_WARN_DIRECT_OBJC_ISA_USAGE = YES_ERROR;
				CLANG_WARN_DOCUMENTATION_COMMENTS = YES;
				CLANG_WARN_EMPTY_BODY = YES;
				CLANG_WARN_ENUM_CONVERSION = YES;
				CLANG_WARN_INFINITE_RECURSION = YES;
				CLANG_WARN_INT_CONVERSION = YES;
				CLANG_WARN_NON_LITERAL_NULL_CONVERSION = YES;
				CLANG_WARN_OBJC_IMPLICIT_RETAIN_SELF = YES;
				CLANG_WARN_OBJC_LITERAL_CONVERSION = YES;
				CLANG_WARN_OBJC_ROOT_CLASS = YES_ERROR;
				CLANG_WARN_RANGE_LOOP_ANALYSIS = YES;
				CLANG_WARN_STRICT_PROTOTYPES = YES;
				CLANG_WARN_SUSPICIOUS_MOVE = YES;
				CLANG_WARN_UNGUARDED_AVAILABILITY = YES_AGGRESSIVE;
				CLANG_WARN_UNREACHABLE_CODE = YES;
				CLANG_WARN__DUPLICATE_METHOD_MATCH = YES;
				COPY_PHASE_STRIP = NO;
				DEBUG_INFORMATION_FORMAT = dwarf;
				ENABLE_STRICT_OBJC_MSGSEND = YES;
				ENABLE_TESTABILITY = YES;
				GCC_C_LANGUAGE_STANDARD = gnu11;
				GCC_DYNAMIC_NO_PIC = NO;
				GCC_NO_COMMON_BLOCKS = YES;
				GCC_OPTIMIZATION_LEVEL = 0;
				GCC_PREPROCESSOR_DEFINITIONS = (
					"DEBUG=1",
					"$(inherited)",
				);
				GCC_WARN_64_TO_32_BIT_CONVERSION = YES;
				GCC_WARN_ABOUT_RETURN_TYPE = YES_ERROR;
				GCC_WARN_UNDECLARED_SELECTOR = YES;
				GCC_WARN_UNINITIALIZED_AUTOS = YES_AGGRESSIVE;
				GCC_WARN_UNUSED_FUNCTION = YES;
				GCC_WARN_UNUSED_VARIABLE = YES;
				IPHONEOS_DEPLOYMENT_TARGET = 13.2;
				MTL_ENABLE_DEBUG_INFO = INCLUDE_SOURCE;
				MTL_FAST_MATH = YES;
				ONLY_ACTIVE_ARCH = YES;
				SDKROOT = iphoneos;
				SWIFT_ACTIVE_COMPILATION_CONDITIONS = DEBUG;
				SWIFT_OPTIMIZATION_LEVEL = "-Onone";
			};
			name = Debug;
		};
		E03282022430F9C700B2BDDA /* Release */ = {
			isa = XCBuildConfiguration;
			buildSettings = {
				ALWAYS_SEARCH_USER_PATHS = NO;
				CLANG_ANALYZER_NONNULL = YES;
				CLANG_ANALYZER_NUMBER_OBJECT_CONVERSION = YES_AGGRESSIVE;
				CLANG_CXX_LANGUAGE_STANDARD = "gnu++14";
				CLANG_CXX_LIBRARY = "libc++";
				CLANG_ENABLE_MODULES = YES;
				CLANG_ENABLE_OBJC_ARC = YES;
				CLANG_ENABLE_OBJC_WEAK = YES;
				CLANG_WARN_BLOCK_CAPTURE_AUTORELEASING = YES;
				CLANG_WARN_BOOL_CONVERSION = YES;
				CLANG_WARN_COMMA = YES;
				CLANG_WARN_CONSTANT_CONVERSION = YES;
				CLANG_WARN_DEPRECATED_OBJC_IMPLEMENTATIONS = YES;
				CLANG_WARN_DIRECT_OBJC_ISA_USAGE = YES_ERROR;
				CLANG_WARN_DOCUMENTATION_COMMENTS = YES;
				CLANG_WARN_EMPTY_BODY = YES;
				CLANG_WARN_ENUM_CONVERSION = YES;
				CLANG_WARN_INFINITE_RECURSION = YES;
				CLANG_WARN_INT_CONVERSION = YES;
				CLANG_WARN_NON_LITERAL_NULL_CONVERSION = YES;
				CLANG_WARN_OBJC_IMPLICIT_RETAIN_SELF = YES;
				CLANG_WARN_OBJC_LITERAL_CONVERSION = YES;
				CLANG_WARN_OBJC_ROOT_CLASS = YES_ERROR;
				CLANG_WARN_RANGE_LOOP_ANALYSIS = YES;
				CLANG_WARN_STRICT_PROTOTYPES = YES;
				CLANG_WARN_SUSPICIOUS_MOVE = YES;
				CLANG_WARN_UNGUARDED_AVAILABILITY = YES_AGGRESSIVE;
				CLANG_WARN_UNREACHABLE_CODE = YES;
				CLANG_WARN__DUPLICATE_METHOD_MATCH = YES;
				COPY_PHASE_STRIP = NO;
				DEBUG_INFORMATION_FORMAT = "dwarf-with-dsym";
				ENABLE_NS_ASSERTIONS = NO;
				ENABLE_STRICT_OBJC_MSGSEND = YES;
				GCC_C_LANGUAGE_STANDARD = gnu11;
				GCC_NO_COMMON_BLOCKS = YES;
				GCC_WARN_64_TO_32_BIT_CONVERSION = YES;
				GCC_WARN_ABOUT_RETURN_TYPE = YES_ERROR;
				GCC_WARN_UNDECLARED_SELECTOR = YES;
				GCC_WARN_UNINITIALIZED_AUTOS = YES_AGGRESSIVE;
				GCC_WARN_UNUSED_FUNCTION = YES;
				GCC_WARN_UNUSED_VARIABLE = YES;
				IPHONEOS_DEPLOYMENT_TARGET = 13.2;
				MTL_ENABLE_DEBUG_INFO = NO;
				MTL_FAST_MATH = YES;
				SDKROOT = iphoneos;
				SWIFT_COMPILATION_MODE = wholemodule;
				SWIFT_OPTIMIZATION_LEVEL = "-O";
				VALIDATE_PRODUCT = YES;
			};
			name = Release;
		};
		E03282042430F9C700B2BDDA /* Debug */ = {
			isa = XCBuildConfiguration;
			buildSettings = {
				ASSETCATALOG_COMPILER_APPICON_NAME = AppIcon;
				CODE_SIGN_STYLE = Automatic;
				DEVELOPMENT_TEAM = HK5V3UWRV2;
				INFOPLIST_FILE = TipCalculator/Info.plist;
				LD_RUNPATH_SEARCH_PATHS = (
					"$(inherited)",
					"@executable_path/Frameworks",
				);
				PRODUCT_BUNDLE_IDENTIFIER = com.AMS.TipCalculator;
				PRODUCT_NAME = "$(TARGET_NAME)";
				SWIFT_VERSION = 5.0;
				TARGETED_DEVICE_FAMILY = "1,2";
			};
			name = Debug;
		};
		E03282052430F9C700B2BDDA /* Release */ = {
			isa = XCBuildConfiguration;
			buildSettings = {
				ASSETCATALOG_COMPILER_APPICON_NAME = AppIcon;
				CODE_SIGN_STYLE = Automatic;
				DEVELOPMENT_TEAM = HK5V3UWRV2;
				INFOPLIST_FILE = TipCalculator/Info.plist;
				LD_RUNPATH_SEARCH_PATHS = (
					"$(inherited)",
					"@executable_path/Frameworks",
				);
				PRODUCT_BUNDLE_IDENTIFIER = com.AMS.TipCalculator;
				PRODUCT_NAME = "$(TARGET_NAME)";
				SWIFT_VERSION = 5.0;
				TARGETED_DEVICE_FAMILY = "1,2";
			};
			name = Release;
		};
/* End XCBuildConfiguration section */

/* Begin XCConfigurationList section */
		E03281EA2430F9C500B2BDDA /* Build configuration list for PBXProject "TipCalculator" */ = {
			isa = XCConfigurationList;
			buildConfigurations = (
				E03282012430F9C700B2BDDA /* Debug */,
				E03282022430F9C700B2BDDA /* Release */,
			);
			defaultConfigurationIsVisible = 0;
			defaultConfigurationName = Release;
		};
		E03282032430F9C700B2BDDA /* Build configuration list for PBXNativeTarget "TipCalculator" */ = {
			isa = XCConfigurationList;
			buildConfigurations = (
				E03282042430F9C700B2BDDA /* Debug */,
				E03282052430F9C700B2BDDA /* Release */,
			);
			defaultConfigurationIsVisible = 0;
			defaultConfigurationName = Release;
		};
/* End XCConfigurationList section */
	};
	rootObject = E03281E72430F9C500B2BDDA /* Project object */;
}
